
Microsoft Visual Studio Solution File, Format Version 12.00
# Visual Studio Version 17
VisualStudioVersion = 17.6.33723.286
MinimumVisualStudioVersion = 10.0.40219.1
Project("{FAE04EC0-301F-11D3-BF4B-00C04F79EFBC}") = "BlazorShopping.Server", "Server\BlazorShopping.Server.csproj", "{6C142D65-31D5-47F8-B2B3-1CC011C49F71}"
EndProject
Project("{FAE04EC0-301F-11D3-BF4B-00C04F79EFBC}") = "BlazorShopping.Client", "Client\BlazorShopping.Client.csproj", "{9A5F5443-15CA-4B82-9DF1-A4F5EDF5C623}"
EndProject
Project("{FAE04EC0-301F-11D3-BF4B-00C04F79EFBC}") = "BlazorShopping.Shared", "Shared\BlazorShopping.Shared.csproj", "{B7A8C9EB-0451-4331-B3FE-674CDCF4D704}"
EndProject
Global
	GlobalSection(SolutionConfigurationPlatforms) = preSolution
		Debug|Any CPU = Debug|Any CPU
		Release|Any CPU = Release|Any CPU
	EndGlobalSection
	GlobalSection(ProjectConfigurationPlatforms) = postSolution
		{6C142D65-31D5-47F8-B2B3-1CC011C49F71}.Debug|Any CPU.ActiveCfg = Debug|Any CPU
		{6C142D65-31D5-47F8-B2B3-1CC011C49F71}.Debug|Any CPU.Build.0 = Debug|Any CPU
		{6C142D65-31D5-47F8-B2B3-1CC011C49F71}.Release|Any CPU.ActiveCfg = Release|Any CPU
		{6C142D65-31D5-47F8-B2B3-1CC011C49F71}.Release|Any CPU.Build.0 = Release|Any CPU
		{9A5F5443-15CA-4B82-9DF1-A4F5EDF5C623}.Debug|Any CPU.ActiveCfg = Debug|Any CPU
		{9A5F5443-15CA-4B82-9DF1-A4F5EDF5C623}.Debug|Any CPU.Build.0 = Debug|Any CPU
		{9A5F5443-15CA-4B82-9DF1-A4F5EDF5C623}.Release|Any CPU.ActiveCfg = Release|Any CPU
		{9A5F5443-15CA-4B82-9DF1-A4F5EDF5C623}.Release|Any CPU.Build.0 = Release|Any CPU
		{B7A8C9EB-0451-4331-B3FE-674CDCF4D704}.Debug|Any CPU.ActiveCfg = Debug|Any CPU
		{B7A8C9EB-0451-4331-B3FE-674CDCF4D704}.Debug|Any CPU.Build.0 = Debug|Any CPU
		{B7A8C9EB-0451-4331-B3FE-674CDCF4D704}.Release|Any CPU.ActiveCfg = Release|Any CPU
		{B7A8C9EB-0451-4331-B3FE-674CDCF4D704}.Release|Any CPU.Build.0 = Release|Any CPU
	EndGlobalSection
	GlobalSection(SolutionProperties) = preSolution
		HideSolutionNode = FALSE
	EndGlobalSection
	GlobalSection(ExtensibilityGlobals) = postSolution
		SolutionGuid = {8FAA2236-DB7F-4C83-B5FA-E92C6B7DBF83}
	EndGlobalSection
EndGlobal
